// !$*UTF8*$!
{
	archiveVersion = 1;
	classes = {
	};
	objectVersion = 50;
	objects = {

/* Begin PBXBuildFile section */
		1F0A4F7621D54E2B00E99872 /* AppDelegate.swift in Sources */ = {isa = PBXBuildFile; fileRef = 1F0A4F7521D54E2B00E99872 /* AppDelegate.swift */; };
		1F0A4F7821D54E2B00E99872 /* PeliculasViewController.swift in Sources */ = {isa = PBXBuildFile; fileRef = 1F0A4F7721D54E2B00E99872 /* PeliculasViewController.swift */; };
		1F0A4F7A21D54E2B00E99872 /* DirectoresViewController.swift in Sources */ = {isa = PBXBuildFile; fileRef = 1F0A4F7921D54E2B00E99872 /* DirectoresViewController.swift */; };
		1F0A4F7D21D54E2B00E99872 /* Main.storyboard in Resources */ = {isa = PBXBuildFile; fileRef = 1F0A4F7B21D54E2B00E99872 /* Main.storyboard */; };
		1F0A4F7F21D54E2C00E99872 /* Assets.xcassets in Resources */ = {isa = PBXBuildFile; fileRef = 1F0A4F7E21D54E2C00E99872 /* Assets.xcassets */; };
		1F0A4F8221D54E2C00E99872 /* LaunchScreen.storyboard in Resources */ = {isa = PBXBuildFile; fileRef = 1F0A4F8021D54E2C00E99872 /* LaunchScreen.storyboard */; };
		1F0A4F8B21D54EE100E99872 /* Movie.swift in Sources */ = {isa = PBXBuildFile; fileRef = 1F0A4F8A21D54EE100E99872 /* Movie.swift */; };
		1F0A4F8D21D54F1100E99872 /* Person.swift in Sources */ = {isa = PBXBuildFile; fileRef = 1F0A4F8C21D54F1100E99872 /* Person.swift */; };
		1F0A4F9221D54F5E00E99872 /* RGBiOSUtiliites.swift in Sources */ = {isa = PBXBuildFile; fileRef = 1F0A4F9121D54F5E00E99872 /* RGBiOSUtiliites.swift */; };
		1F0A4F9421D54F7600E99872 /* RGBiOSUtilitiesBundle.swift in Sources */ = {isa = PBXBuildFile; fileRef = 1F0A4F9321D54F7600E99872 /* RGBiOSUtilitiesBundle.swift */; };
		1F0A4F9621D54F8F00E99872 /* RGBiOSUtilitiesSandbox.swift in Sources */ = {isa = PBXBuildFile; fileRef = 1F0A4F9521D54F8F00E99872 /* RGBiOSUtilitiesSandbox.swift */; };
		1F0A4FA621D54FC900E99872 /* Antonio Banderas.jpg in Resources */ = {isa = PBXBuildFile; fileRef = 1F0A4F9721D54FC600E99872 /* Antonio Banderas.jpg */; };
		1F0A4FA721D54FC900E99872 /* Heather Graham.jpg in Resources */ = {isa = PBXBuildFile; fileRef = 1F0A4F9821D54FC600E99872 /* Heather Graham.jpg */; };
		1F0A4FA821D54FC900E99872 /* Quentin Tarantino.jpg in Resources */ = {isa = PBXBuildFile; fileRef = 1F0A4F9921D54FC600E99872 /* Quentin Tarantino.jpg */; };
		1F0A4FA921D54FC900E99872 /* Cameron Diaz.jpg in Resources */ = {isa = PBXBuildFile; fileRef = 1F0A4F9A21D54FC700E99872 /* Cameron Diaz.jpg */; };
		1F0A4FAA21D54FC900E99872 /* Julie Andrews.jpg in Resources */ = {isa = PBXBuildFile; fileRef = 1F0A4F9B21D54FC700E99872 /* Julie Andrews.jpg */; };
		1F0A4FAB21D54FC900E99872 /* Salma Hayek.jpg in Resources */ = {isa = PBXBuildFile; fileRef = 1F0A4F9C21D54FC700E99872 /* Salma Hayek.jpg */; };
		1F0A4FAC21D54FC900E99872 /* John Lithgow.jpg in Resources */ = {isa = PBXBuildFile; fileRef = 1F0A4F9D21D54FC700E99872 /* John Lithgow.jpg */; };
		1F0A4FAD21D54FC900E99872 /* Verne Troyer.jpg in Resources */ = {isa = PBXBuildFile; fileRef = 1F0A4F9E21D54FC700E99872 /* Verne Troyer.jpg */; };
		1F0A4FAE21D54FC900E99872 /* Steve Buscemi.jpg in Resources */ = {isa = PBXBuildFile; fileRef = 1F0A4F9F21D54FC700E99872 /* Steve Buscemi.jpg */; };
		1F0A4FAF21D54FC900E99872 /* Harvey Keitel.jpg in Resources */ = {isa = PBXBuildFile; fileRef = 1F0A4FA021D54FC700E99872 /* Harvey Keitel.jpg */; };
		1F0A4FB021D54FC900E99872 /* Tim Roth.jpg in Resources */ = {isa = PBXBuildFile; fileRef = 1F0A4FA121D54FC800E99872 /* Tim Roth.jpg */; };
		1F0A4FB121D54FC900E99872 /* Michael York.jpg in Resources */ = {isa = PBXBuildFile; fileRef = 1F0A4FA221D54FC800E99872 /* Michael York.jpg */; };
		1F0A4FB221D54FC900E99872 /* Danny Trejo.jpg in Resources */ = {isa = PBXBuildFile; fileRef = 1F0A4FA321D54FC800E99872 /* Danny Trejo.jpg */; };
		1F0A4FB321D54FC900E99872 /* Mike Myers.jpg in Resources */ = {isa = PBXBuildFile; fileRef = 1F0A4FA421D54FC800E99872 /* Mike Myers.jpg */; };
		1F0A4FB421D54FC900E99872 /* Eddie Murphy.jpg in Resources */ = {isa = PBXBuildFile; fileRef = 1F0A4FA521D54FC900E99872 /* Eddie Murphy.jpg */; };
		1F0A4FB721D5534E00E99872 /* ActoresViewController.swift in Sources */ = {isa = PBXBuildFile; fileRef = 1F0A4FB621D5534E00E99872 /* ActoresViewController.swift */; };
		1F1C174B21D6CA0F00705AE5 /* Chris Miller.jpg in Resources */ = {isa = PBXBuildFile; fileRef = 1F1C174321D6CA0C00705AE5 /* Chris Miller.jpg */; };
		1F1C174C21D6CA0F00705AE5 /* Robert Rodriguez.jpg in Resources */ = {isa = PBXBuildFile; fileRef = 1F1C174421D6CA0C00705AE5 /* Robert Rodriguez.jpg */; };
		1F1C174D21D6CA0F00705AE5 /* Jay Roach.jpg in Resources */ = {isa = PBXBuildFile; fileRef = 1F1C174521D6CA0D00705AE5 /* Jay Roach.jpg */; };
		1F1C174E21D6CA0F00705AE5 /* Conrad Vernon.jpg in Resources */ = {isa = PBXBuildFile; fileRef = 1F1C174621D6CA0D00705AE5 /* Conrad Vernon.jpg */; };
		1F1C174F21D6CA0F00705AE5 /* Kelly Asbury.jpg in Resources */ = {isa = PBXBuildFile; fileRef = 1F1C174721D6CA0D00705AE5 /* Kelly Asbury.jpg */; };
		1F1C175021D6CA0F00705AE5 /* Andrew Adamson.jpg in Resources */ = {isa = PBXBuildFile; fileRef = 1F1C174821D6CA0E00705AE5 /* Andrew Adamson.jpg */; };
		1F1C175121D6CA0F00705AE5 /* Vicky Jenson.jpg in Resources */ = {isa = PBXBuildFile; fileRef = 1F1C174921D6CA0E00705AE5 /* Vicky Jenson.jpg */; };
		1F1C175221D6CA0F00705AE5 /* Raman Hui.jpg in Resources */ = {isa = PBXBuildFile; fileRef = 1F1C174A21D6CA0F00705AE5 /* Raman Hui.jpg */; };
		1F3A40A621D5972D0078E94C /* PeliculaDetailViewController.swift in Sources */ = {isa = PBXBuildFile; fileRef = 1F3A40A521D5972C0078E94C /* PeliculaDetailViewController.swift */; };
		1F3A40AA21D5C3D80078E94C /* PersonDetailViewConrtoller.swift in Sources */ = {isa = PBXBuildFile; fileRef = 1F3A40A921D5C3D80078E94C /* PersonDetailViewConrtoller.swift */; };
		1FA03AF321D82DEF000C313D /* Chris Penn.jpg in Resources */ = {isa = PBXBuildFile; fileRef = 1FA03AF221D82DEE000C313D /* Chris Penn.jpg */; };
/* End PBXBuildFile section */

/* Begin PBXFileReference section */
		1F0A4F7221D54E2B00E99872 /* myMovies.app */ = {isa = PBXFileReference; explicitFileType = wrapper.application; includeInIndex = 0; path = myMovies.app; sourceTree = BUILT_PRODUCTS_DIR; };
		1F0A4F7521D54E2B00E99872 /* AppDelegate.swift */ = {isa = PBXFileReference; lastKnownFileType = sourcecode.swift; path = AppDelegate.swift; sourceTree = "<group>"; };
		1F0A4F7721D54E2B00E99872 /* PeliculasViewController.swift */ = {isa = PBXFileReference; lastKnownFileType = sourcecode.swift; path = PeliculasViewController.swift; sourceTree = "<group>"; };
		1F0A4F7921D54E2B00E99872 /* DirectoresViewController.swift */ = {isa = PBXFileReference; lastKnownFileType = sourcecode.swift; path = DirectoresViewController.swift; sourceTree = "<group>"; };
		1F0A4F7C21D54E2B00E99872 /* Base */ = {isa = PBXFileReference; lastKnownFileType = file.storyboard; name = Base; path = Base.lproj/Main.storyboard; sourceTree = "<group>"; };
		1F0A4F7E21D54E2C00E99872 /* Assets.xcassets */ = {isa = PBXFileReference; lastKnownFileType = folder.assetcatalog; path = Assets.xcassets; sourceTree = "<group>"; };
		1F0A4F8121D54E2C00E99872 /* Base */ = {isa = PBXFileReference; lastKnownFileType = file.storyboard; name = Base; path = Base.lproj/LaunchScreen.storyboard; sourceTree = "<group>"; };
		1F0A4F8321D54E2C00E99872 /* Info.plist */ = {isa = PBXFileReference; lastKnownFileType = text.plist.xml; path = Info.plist; sourceTree = "<group>"; };
		1F0A4F8A21D54EE100E99872 /* Movie.swift */ = {isa = PBXFileReference; lastKnownFileType = sourcecode.swift; path = Movie.swift; sourceTree = "<group>"; };
		1F0A4F8C21D54F1100E99872 /* Person.swift */ = {isa = PBXFileReference; lastKnownFileType = sourcecode.swift; path = Person.swift; sourceTree = "<group>"; };
		1F0A4F9121D54F5E00E99872 /* RGBiOSUtiliites.swift */ = {isa = PBXFileReference; lastKnownFileType = sourcecode.swift; path = RGBiOSUtiliites.swift; sourceTree = "<group>"; };
		1F0A4F9321D54F7600E99872 /* RGBiOSUtilitiesBundle.swift */ = {isa = PBXFileReference; lastKnownFileType = sourcecode.swift; path = RGBiOSUtilitiesBundle.swift; sourceTree = "<group>"; };
		1F0A4F9521D54F8F00E99872 /* RGBiOSUtilitiesSandbox.swift */ = {isa = PBXFileReference; lastKnownFileType = sourcecode.swift; path = RGBiOSUtilitiesSandbox.swift; sourceTree = "<group>"; };
		1F0A4F9721D54FC600E99872 /* Antonio Banderas.jpg */ = {isa = PBXFileReference; lastKnownFileType = image.jpeg; path = "Antonio Banderas.jpg"; sourceTree = "<group>"; };
		1F0A4F9821D54FC600E99872 /* Heather Graham.jpg */ = {isa = PBXFileReference; lastKnownFileType = image.jpeg; path = "Heather Graham.jpg"; sourceTree = "<group>"; };
		1F0A4F9921D54FC600E99872 /* Quentin Tarantino.jpg */ = {isa = PBXFileReference; lastKnownFileType = image.jpeg; path = "Quentin Tarantino.jpg"; sourceTree = "<group>"; };
		1F0A4F9A21D54FC700E99872 /* Cameron Diaz.jpg */ = {isa = PBXFileReference; lastKnownFileType = image.jpeg; path = "Cameron Diaz.jpg"; sourceTree = "<group>"; };
		1F0A4F9B21D54FC700E99872 /* Julie Andrews.jpg */ = {isa = PBXFileReference; lastKnownFileType = image.jpeg; path = "Julie Andrews.jpg"; sourceTree = "<group>"; };
		1F0A4F9C21D54FC700E99872 /* Salma Hayek.jpg */ = {isa = PBXFileReference; lastKnownFileType = image.jpeg; path = "Salma Hayek.jpg"; sourceTree = "<group>"; };
		1F0A4F9D21D54FC700E99872 /* John Lithgow.jpg */ = {isa = PBXFileReference; lastKnownFileType = image.jpeg; path = "John Lithgow.jpg"; sourceTree = "<group>"; };
		1F0A4F9E21D54FC700E99872 /* Verne Troyer.jpg */ = {isa = PBXFileReference; lastKnownFileType = image.jpeg; path = "Verne Troyer.jpg"; sourceTree = "<group>"; };
		1F0A4F9F21D54FC700E99872 /* Steve Buscemi.jpg */ = {isa = PBXFileReference; lastKnownFileType = image.jpeg; path = "Steve Buscemi.jpg"; sourceTree = "<group>"; };
		1F0A4FA021D54FC700E99872 /* Harvey Keitel.jpg */ = {isa = PBXFileReference; lastKnownFileType = image.jpeg; path = "Harvey Keitel.jpg"; sourceTree = "<group>"; };
		1F0A4FA121D54FC800E99872 /* Tim Roth.jpg */ = {isa = PBXFileReference; lastKnownFileType = image.jpeg; path = "Tim Roth.jpg"; sourceTree = "<group>"; };
		1F0A4FA221D54FC800E99872 /* Michael York.jpg */ = {isa = PBXFileReference; lastKnownFileType = image.jpeg; path = "Michael York.jpg"; sourceTree = "<group>"; };
		1F0A4FA321D54FC800E99872 /* Danny Trejo.jpg */ = {isa = PBXFileReference; lastKnownFileType = image.jpeg; path = "Danny Trejo.jpg"; sourceTree = "<group>"; };
		1F0A4FA421D54FC800E99872 /* Mike Myers.jpg */ = {isa = PBXFileReference; lastKnownFileType = image.jpeg; path = "Mike Myers.jpg"; sourceTree = "<group>"; };
		1F0A4FA521D54FC900E99872 /* Eddie Murphy.jpg */ = {isa = PBXFileReference; lastKnownFileType = image.jpeg; path = "Eddie Murphy.jpg"; sourceTree = "<group>"; };
		1F0A4FB621D5534E00E99872 /* ActoresViewController.swift */ = {isa = PBXFileReference; lastKnownFileType = sourcecode.swift; path = ActoresViewController.swift; sourceTree = "<group>"; };
		1F1C174321D6CA0C00705AE5 /* Chris Miller.jpg */ = {isa = PBXFileReference; lastKnownFileType = image.jpeg; path = "Chris Miller.jpg"; sourceTree = "<group>"; };
		1F1C174421D6CA0C00705AE5 /* Robert Rodriguez.jpg */ = {isa = PBXFileReference; lastKnownFileType = image.jpeg; path = "Robert Rodriguez.jpg"; sourceTree = "<group>"; };
		1F1C174521D6CA0D00705AE5 /* Jay Roach.jpg */ = {isa = PBXFileReference; lastKnownFileType = image.jpeg; path = "Jay Roach.jpg"; sourceTree = "<group>"; };
		1F1C174621D6CA0D00705AE5 /* Conrad Vernon.jpg */ = {isa = PBXFileReference; lastKnownFileType = image.jpeg; path = "Conrad Vernon.jpg"; sourceTree = "<group>"; };
		1F1C174721D6CA0D00705AE5 /* Kelly Asbury.jpg */ = {isa = PBXFileReference; lastKnownFileType = image.jpeg; path = "Kelly Asbury.jpg"; sourceTree = "<group>"; };
		1F1C174821D6CA0E00705AE5 /* Andrew Adamson.jpg */ = {isa = PBXFileReference; lastKnownFileType = image.jpeg; path = "Andrew Adamson.jpg"; sourceTree = "<group>"; };
		1F1C174921D6CA0E00705AE5 /* Vicky Jenson.jpg */ = {isa = PBXFileReference; lastKnownFileType = image.jpeg; path = "Vicky Jenson.jpg"; sourceTree = "<group>"; };
		1F1C174A21D6CA0F00705AE5 /* Raman Hui.jpg */ = {isa = PBXFileReference; lastKnownFileType = image.jpeg; path = "Raman Hui.jpg"; sourceTree = "<group>"; };
		1F3A40A521D5972C0078E94C /* PeliculaDetailViewController.swift */ = {isa = PBXFileReference; fileEncoding = 4; lastKnownFileType = sourcecode.swift; path = PeliculaDetailViewController.swift; sourceTree = "<group>"; };
		1F3A40A921D5C3D80078E94C /* PersonDetailViewConrtoller.swift */ = {isa = PBXFileReference; fileEncoding = 4; lastKnownFileType = sourcecode.swift; path = PersonDetailViewConrtoller.swift; sourceTree = "<group>"; };
		1FA03AF221D82DEE000C313D /* Chris Penn.jpg */ = {isa = PBXFileReference; lastKnownFileType = image.jpeg; path = "Chris Penn.jpg"; sourceTree = "<group>"; };
/* End PBXFileReference section */

/* Begin PBXFrameworksBuildPhase section */
		1F0A4F6F21D54E2B00E99872 /* Frameworks */ = {
			isa = PBXFrameworksBuildPhase;
			buildActionMask = 2147483647;
			files = (
			);
			runOnlyForDeploymentPostprocessing = 0;
		};
/* End PBXFrameworksBuildPhase section */

/* Begin PBXGroup section */
		1F0A4F6921D54E2B00E99872 = {
			isa = PBXGroup;
			children = (
				1F0A4F7421D54E2B00E99872 /* myMovies */,
				1F0A4F7321D54E2B00E99872 /* Products */,
			);
			sourceTree = "<group>";
		};
		1F0A4F7321D54E2B00E99872 /* Products */ = {
			isa = PBXGroup;
			children = (
				1F0A4F7221D54E2B00E99872 /* myMovies.app */,
			);
			name = Products;
			sourceTree = "<group>";
		};
		1F0A4F7421D54E2B00E99872 /* myMovies */ = {
			isa = PBXGroup;
			children = (
				1F0A4F8921D54EC400E99872 /* Model */,
				1F0A4F8E21D54F1900E99872 /* View */,
				1F0A4F8F21D54F1F00E99872 /* Controller */,
				1F0A4F9021D54F3C00E99872 /* RGB */,
				1F0A4FB521D54FCE00E99872 /* Photos */,
				1F0A4F7E21D54E2C00E99872 /* Assets.xcassets */,
				1F0A4F8321D54E2C00E99872 /* Info.plist */,
			);
			path = myMovies;
			sourceTree = "<group>";
		};
		1F0A4F8921D54EC400E99872 /* Model */ = {
			isa = PBXGroup;
			children = (
				1F0A4F8A21D54EE100E99872 /* Movie.swift */,
				1F0A4F8C21D54F1100E99872 /* Person.swift */,
			);
			path = Model;
			sourceTree = "<group>";
		};
		1F0A4F8E21D54F1900E99872 /* View */ = {
			isa = PBXGroup;
			children = (
				1F0A4F8021D54E2C00E99872 /* LaunchScreen.storyboard */,
				1F0A4F7B21D54E2B00E99872 /* Main.storyboard */,
			);
			path = View;
			sourceTree = "<group>";
		};
		1F0A4F8F21D54F1F00E99872 /* Controller */ = {
			isa = PBXGroup;
			children = (
				1F3A40A921D5C3D80078E94C /* PersonDetailViewConrtoller.swift */,
				1F0A4F7521D54E2B00E99872 /* AppDelegate.swift */,
				1F0A4F7721D54E2B00E99872 /* PeliculasViewController.swift */,
				1F3A40A521D5972C0078E94C /* PeliculaDetailViewController.swift */,
				1F0A4F7921D54E2B00E99872 /* DirectoresViewController.swift */,
				1F0A4FB621D5534E00E99872 /* ActoresViewController.swift */,
			);
			path = Controller;
			sourceTree = "<group>";
		};
		1F0A4F9021D54F3C00E99872 /* RGB */ = {
			isa = PBXGroup;
			children = (
				1F0A4F9121D54F5E00E99872 /* RGBiOSUtiliites.swift */,
				1F0A4F9321D54F7600E99872 /* RGBiOSUtilitiesBundle.swift */,
				1F0A4F9521D54F8F00E99872 /* RGBiOSUtilitiesSandbox.swift */,
			);
			path = RGB;
			sourceTree = "<group>";
		};
		1F0A4FB521D54FCE00E99872 /* Photos */ = {
			isa = PBXGroup;
			children = (
				1F1C174821D6CA0E00705AE5 /* Andrew Adamson.jpg */,
				1F1C174321D6CA0C00705AE5 /* Chris Miller.jpg */,
				1FA03AF221D82DEE000C313D /* Chris Penn.jpg */,
				1F1C174621D6CA0D00705AE5 /* Conrad Vernon.jpg */,
				1F1C174521D6CA0D00705AE5 /* Jay Roach.jpg */,
				1F1C174721D6CA0D00705AE5 /* Kelly Asbury.jpg */,
				1F1C174A21D6CA0F00705AE5 /* Raman Hui.jpg */,
				1F1C174421D6CA0C00705AE5 /* Robert Rodriguez.jpg */,
				1F1C174921D6CA0E00705AE5 /* Vicky Jenson.jpg */,
				1F0A4F9721D54FC600E99872 /* Antonio Banderas.jpg */,
				1F0A4F9A21D54FC700E99872 /* Cameron Diaz.jpg */,
				1F0A4FA321D54FC800E99872 /* Danny Trejo.jpg */,
				1F0A4FA521D54FC900E99872 /* Eddie Murphy.jpg */,
				1F0A4FA021D54FC700E99872 /* Harvey Keitel.jpg */,
				1F0A4F9821D54FC600E99872 /* Heather Graham.jpg */,
				1F0A4F9D21D54FC700E99872 /* John Lithgow.jpg */,
				1F0A4F9B21D54FC700E99872 /* Julie Andrews.jpg */,
				1F0A4FA221D54FC800E99872 /* Michael York.jpg */,
				1F0A4FA421D54FC800E99872 /* Mike Myers.jpg */,
				1F0A4F9921D54FC600E99872 /* Quentin Tarantino.jpg */,
				1F0A4F9C21D54FC700E99872 /* Salma Hayek.jpg */,
				1F0A4F9F21D54FC700E99872 /* Steve Buscemi.jpg */,
				1F0A4FA121D54FC800E99872 /* Tim Roth.jpg */,
				1F0A4F9E21D54FC700E99872 /* Verne Troyer.jpg */,
			);
			path = Photos;
			sourceTree = "<group>";
		};
/* End PBXGroup section */

/* Begin PBXNativeTarget section */
		1F0A4F7121D54E2B00E99872 /* myMovies */ = {
			isa = PBXNativeTarget;
			buildConfigurationList = 1F0A4F8621D54E2C00E99872 /* Build configuration list for PBXNativeTarget "myMovies" */;
			buildPhases = (
				1F0A4F6E21D54E2B00E99872 /* Sources */,
				1F0A4F6F21D54E2B00E99872 /* Frameworks */,
				1F0A4F7021D54E2B00E99872 /* Resources */,
			);
			buildRules = (
			);
			dependencies = (
			);
			name = myMovies;
			productName = myMovies;
			productReference = 1F0A4F7221D54E2B00E99872 /* myMovies.app */;
			productType = "com.apple.product-type.application";
		};
/* End PBXNativeTarget section */

/* Begin PBXProject section */
		1F0A4F6A21D54E2B00E99872 /* Project object */ = {
			isa = PBXProject;
			attributes = {
				KnownAssetTags = (
					New,
				);
				LastSwiftUpdateCheck = 1010;
				LastUpgradeCheck = 1010;
				ORGANIZATIONNAME = "Uriel Pinheiro";
				TargetAttributes = {
					1F0A4F7121D54E2B00E99872 = {
						CreatedOnToolsVersion = 10.1;
						LastSwiftMigration = 1010;
					};
				};
			};
			buildConfigurationList = 1F0A4F6D21D54E2B00E99872 /* Build configuration list for PBXProject "myMovies" */;
			compatibilityVersion = "Xcode 9.3";
			developmentRegion = en;
			hasScannedForEncodings = 0;
			knownRegions = (
				en,
				Base,
			);
			mainGroup = 1F0A4F6921D54E2B00E99872;
			productRefGroup = 1F0A4F7321D54E2B00E99872 /* Products */;
			projectDirPath = "";
			projectRoot = "";
			targets = (
				1F0A4F7121D54E2B00E99872 /* myMovies */,
			);
		};
/* End PBXProject section */

/* Begin PBXResourcesBuildPhase section */
		1F0A4F7021D54E2B00E99872 /* Resources */ = {
			isa = PBXResourcesBuildPhase;
			buildActionMask = 2147483647;
			files = (
				1F0A4F8221D54E2C00E99872 /* LaunchScreen.storyboard in Resources */,
				1F0A4F7F21D54E2C00E99872 /* Assets.xcassets in Resources */,
				1F0A4F7D21D54E2B00E99872 /* Main.storyboard in Resources */,
				1F0A4FA621D54FC900E99872 /* Antonio Banderas.jpg in Resources */,
				1F0A4FA721D54FC900E99872 /* Heather Graham.jpg in Resources */,
				1F0A4FA821D54FC900E99872 /* Quentin Tarantino.jpg in Resources */,
				1F0A4FA921D54FC900E99872 /* Cameron Diaz.jpg in Resources */,
				1F0A4FAA21D54FC900E99872 /* Julie Andrews.jpg in Resources */,
				1F0A4FAB21D54FC900E99872 /* Salma Hayek.jpg in Resources */,
				1F0A4FAC21D54FC900E99872 /* John Lithgow.jpg in Resources */,
				1F0A4FAD21D54FC900E99872 /* Verne Troyer.jpg in Resources */,
				1F0A4FAE21D54FC900E99872 /* Steve Buscemi.jpg in Resources */,
				1F0A4FAF21D54FC900E99872 /* Harvey Keitel.jpg in Resources */,
				1F0A4FB021D54FC900E99872 /* Tim Roth.jpg in Resources */,
				1F0A4FB121D54FC900E99872 /* Michael York.jpg in Resources */,
				1F0A4FB221D54FC900E99872 /* Danny Trejo.jpg in Resources */,
				1F0A4FB321D54FC900E99872 /* Mike Myers.jpg in Resources */,
				1F0A4FB421D54FC900E99872 /* Eddie Murphy.jpg in Resources */,
				1F1C174B21D6CA0F00705AE5 /* Chris Miller.jpg in Resources */,
				1F1C174C21D6CA0F00705AE5 /* Robert Rodriguez.jpg in Resources */,
				1F1C174D21D6CA0F00705AE5 /* Jay Roach.jpg in Resources */,
				1F1C174E21D6CA0F00705AE5 /* Conrad Vernon.jpg in Resources */,
				1F1C174F21D6CA0F00705AE5 /* Kelly Asbury.jpg in Resources */,
				1F1C175021D6CA0F00705AE5 /* Andrew Adamson.jpg in Resources */,
				1F1C175121D6CA0F00705AE5 /* Vicky Jenson.jpg in Resources */,
				1F1C175221D6CA0F00705AE5 /* Raman Hui.jpg in Resources */,
				1FA03AF321D82DEF000C313D /* Chris Penn.jpg in Resources */,
			);
			runOnlyForDeploymentPostprocessing = 0;
		};
/* End PBXResourcesBuildPhase section */

/* Begin PBXSourcesBuildPhase section */
		1F0A4F6E21D54E2B00E99872 /* Sources */ = {
			isa = PBXSourcesBuildPhase;
			buildActionMask = 2147483647;
			files = (
				1F0A4F9621D54F8F00E99872 /* RGBiOSUtilitiesSandbox.swift in Sources */,
				1F3A40AA21D5C3D80078E94C /* PersonDetailViewConrtoller.swift in Sources */,
				1F0A4F9221D54F5E00E99872 /* RGBiOSUtiliites.swift in Sources */,
				1F0A4F8D21D54F1100E99872 /* Person.swift in Sources */,
				1F0A4F9421D54F7600E99872 /* RGBiOSUtilitiesBundle.swift in Sources */,
				1F0A4F7A21D54E2B00E99872 /* DirectoresViewController.swift in Sources */,
				1F0A4F7621D54E2B00E99872 /* AppDelegate.swift in Sources */,
				1F3A40A621D5972D0078E94C /* PeliculaDetailViewController.swift in Sources */,
				1F0A4FB721D5534E00E99872 /* ActoresViewController.swift in Sources */,
				1F0A4F8B21D54EE100E99872 /* Movie.swift in Sources */,
				1F0A4F7821D54E2B00E99872 /* PeliculasViewController.swift in Sources */,
			);
			runOnlyForDeploymentPostprocessing = 0;
		};
/* End PBXSourcesBuildPhase section */

/* Begin PBXVariantGroup section */
		1F0A4F7B21D54E2B00E99872 /* Main.storyboard */ = {
			isa = PBXVariantGroup;
			children = (
				1F0A4F7C21D54E2B00E99872 /* Base */,
			);
			name = Main.storyboard;
			sourceTree = "<group>";
		};
		1F0A4F8021D54E2C00E99872 /* LaunchScreen.storyboard */ = {
			isa = PBXVariantGroup;
			children = (
				1F0A4F8121D54E2C00E99872 /* Base */,
			);
			name = LaunchScreen.storyboard;
			sourceTree = "<group>";
		};
/* End PBXVariantGroup section */

/* Begin XCBuildConfiguration section */
		1F0A4F8421D54E2C00E99872 /* Debug */ = {
			isa = XCBuildConfiguration;
			buildSettings = {
				ALWAYS_SEARCH_USER_PATHS = NO;
				CLANG_ANALYZER_NONNULL = YES;
				CLANG_ANALYZER_NUMBER_OBJECT_CONVERSION = YES_AGGRESSIVE;
				CLANG_CXX_LANGUAGE_STANDARD = "gnu++14";
				CLANG_CXX_LIBRARY = "libc++";
				CLANG_ENABLE_MODULES = YES;
				CLANG_ENABLE_OBJC_ARC = YES;
				CLANG_ENABLE_OBJC_WEAK = YES;
				CLANG_WARN_BLOCK_CAPTURE_AUTORELEASING = YES;
				CLANG_WARN_BOOL_CONVERSION = YES;
				CLANG_WARN_COMMA = YES;
				CLANG_WARN_CONSTANT_CONVERSION = YES;
				CLANG_WARN_DEPRECATED_OBJC_IMPLEMENTATIONS = YES;
				CLANG_WARN_DIRECT_OBJC_ISA_USAGE = YES_ERROR;
				CLANG_WARN_DOCUMENTATION_COMMENTS = YES;
				CLANG_WARN_EMPTY_BODY = YES;
				CLANG_WARN_ENUM_CONVERSION = YES;
				CLANG_WARN_INFINITE_RECURSION = YES;
				CLANG_WARN_INT_CONVERSION = YES;
				CLANG_WARN_NON_LITERAL_NULL_CONVERSION = YES;
				CLANG_WARN_OBJC_IMPLICIT_RETAIN_SELF = YES;
				CLANG_WARN_OBJC_LITERAL_CONVERSION = YES;
				CLANG_WARN_OBJC_ROOT_CLASS = YES_ERROR;
				CLANG_WARN_RANGE_LOOP_ANALYSIS = YES;
				CLANG_WARN_STRICT_PROTOTYPES = YES;
				CLANG_WARN_SUSPICIOUS_MOVE = YES;
				CLANG_WARN_UNGUARDED_AVAILABILITY = YES_AGGRESSIVE;
				CLANG_WARN_UNREACHABLE_CODE = YES;
				CLANG_WARN__DUPLICATE_METHOD_MATCH = YES;
				CODE_SIGN_IDENTITY = "iPhone Developer";
				COPY_PHASE_STRIP = NO;
				DEBUG_INFORMATION_FORMAT = dwarf;
				ENABLE_STRICT_OBJC_MSGSEND = YES;
				ENABLE_TESTABILITY = YES;
				GCC_C_LANGUAGE_STANDARD = gnu11;
				GCC_DYNAMIC_NO_PIC = NO;
				GCC_NO_COMMON_BLOCKS = YES;
				GCC_OPTIMIZATION_LEVEL = 0;
				GCC_PREPROCESSOR_DEFINITIONS = (
					"DEBUG=1",
					"$(inherited)",
				);
				GCC_WARN_64_TO_32_BIT_CONVERSION = YES;
				GCC_WARN_ABOUT_RETURN_TYPE = YES_ERROR;
				GCC_WARN_UNDECLARED_SELECTOR = YES;
				GCC_WARN_UNINITIALIZED_AUTOS = YES_AGGRESSIVE;
				GCC_WARN_UNUSED_FUNCTION = YES;
				GCC_WARN_UNUSED_VARIABLE = YES;
				IPHONEOS_DEPLOYMENT_TARGET = 12.1;
				MTL_ENABLE_DEBUG_INFO = INCLUDE_SOURCE;
				MTL_FAST_MATH = YES;
				ONLY_ACTIVE_ARCH = YES;
				SDKROOT = iphoneos;
				SWIFT_ACTIVE_COMPILATION_CONDITIONS = DEBUG;
				SWIFT_OPTIMIZATION_LEVEL = "-Onone";
			};
			name = Debug;
		};
		1F0A4F8521D54E2C00E99872 /* Release */ = {
			isa = XCBuildConfiguration;
			buildSettings = {
				ALWAYS_SEARCH_USER_PATHS = NO;
				CLANG_ANALYZER_NONNULL = YES;
				CLANG_ANALYZER_NUMBER_OBJECT_CONVERSION = YES_AGGRESSIVE;
				CLANG_CXX_LANGUAGE_STANDARD = "gnu++14";
				CLANG_CXX_LIBRARY = "libc++";
				CLANG_ENABLE_MODULES = YES;
				CLANG_ENABLE_OBJC_ARC = YES;
				CLANG_ENABLE_OBJC_WEAK = YES;
				CLANG_WARN_BLOCK_CAPTURE_AUTORELEASING = YES;
				CLANG_WARN_BOOL_CONVERSION = YES;
				CLANG_WARN_COMMA = YES;
				CLANG_WARN_CONSTANT_CONVERSION = YES;
				CLANG_WARN_DEPRECATED_OBJC_IMPLEMENTATIONS = YES;
				CLANG_WARN_DIRECT_OBJC_ISA_USAGE = YES_ERROR;
				CLANG_WARN_DOCUMENTATION_COMMENTS = YES;
				CLANG_WARN_EMPTY_BODY = YES;
				CLANG_WARN_ENUM_CONVERSION = YES;
				CLANG_WARN_INFINITE_RECURSION = YES;
				CLANG_WARN_INT_CONVERSION = YES;
				CLANG_WARN_NON_LITERAL_NULL_CONVERSION = YES;
				CLANG_WARN_OBJC_IMPLICIT_RETAIN_SELF = YES;
				CLANG_WARN_OBJC_LITERAL_CONVERSION = YES;
				CLANG_WARN_OBJC_ROOT_CLASS = YES_ERROR;
				CLANG_WARN_RANGE_LOOP_ANALYSIS = YES;
				CLANG_WARN_STRICT_PROTOTYPES = YES;
				CLANG_WARN_SUSPICIOUS_MOVE = YES;
				CLANG_WARN_UNGUARDED_AVAILABILITY = YES_AGGRESSIVE;
				CLANG_WARN_UNREACHABLE_CODE = YES;
				CLANG_WARN__DUPLICATE_METHOD_MATCH = YES;
				CODE_SIGN_IDENTITY = "iPhone Developer";
				COPY_PHASE_STRIP = NO;
				DEBUG_INFORMATION_FORMAT = "dwarf-with-dsym";
				ENABLE_NS_ASSERTIONS = NO;
				ENABLE_STRICT_OBJC_MSGSEND = YES;
				GCC_C_LANGUAGE_STANDARD = gnu11;
				GCC_NO_COMMON_BLOCKS = YES;
				GCC_WARN_64_TO_32_BIT_CONVERSION = YES;
				GCC_WARN_ABOUT_RETURN_TYPE = YES_ERROR;
				GCC_WARN_UNDECLARED_SELECTOR = YES;
				GCC_WARN_UNINITIALIZED_AUTOS = YES_AGGRESSIVE;
				GCC_WARN_UNUSED_FUNCTION = YES;
				GCC_WARN_UNUSED_VARIABLE = YES;
				IPHONEOS_DEPLOYMENT_TARGET = 12.1;
				MTL_ENABLE_DEBUG_INFO = NO;
				MTL_FAST_MATH = YES;
				SDKROOT = iphoneos;
				SWIFT_COMPILATION_MODE = wholemodule;
				SWIFT_OPTIMIZATION_LEVEL = "-O";
				VALIDATE_PRODUCT = YES;
			};
			name = Release;
		};
		1F0A4F8721D54E2C00E99872 /* Debug */ = {
			isa = XCBuildConfiguration;
			buildSettings = {
				ASSETCATALOG_COMPILER_APPICON_NAME = AppIcon;
				CODE_SIGN_STYLE = Automatic;
				DEVELOPMENT_TEAM = GAQAM8PW76;
				INFOPLIST_FILE = myMovies/Info.plist;
				LD_RUNPATH_SEARCH_PATHS = (
					"$(inherited)",
					"@executable_path/Frameworks",
				);
				PRODUCT_BUNDLE_IDENTIFIER = com.arousalbribe.myMovies;
				PRODUCT_NAME = "$(TARGET_NAME)";
				SWIFT_VERSION = 4.2;
				TARGETED_DEVICE_FAMILY = "1,2";
			};
			name = Debug;
		};
		1F0A4F8821D54E2C00E99872 /* Release */ = {
			isa = XCBuildConfiguration;
			buildSettings = {
				ASSETCATALOG_COMPILER_APPICON_NAME = AppIcon;
				CODE_SIGN_STYLE = Automatic;
				DEVELOPMENT_TEAM = GAQAM8PW76;
				INFOPLIST_FILE = myMovies/Info.plist;
				LD_RUNPATH_SEARCH_PATHS = (
					"$(inherited)",
					"@executable_path/Frameworks",
				);
				PRODUCT_BUNDLE_IDENTIFIER = com.arousalbribe.myMovies;
				PRODUCT_NAME = "$(TARGET_NAME)";
				SWIFT_VERSION = 4.2;
				TARGETED_DEVICE_FAMILY = "1,2";
			};
			name = Release;
		};
/* End XCBuildConfiguration section */

/* Begin XCConfigurationList section */
		1F0A4F6D21D54E2B00E99872 /* Build configuration list for PBXProject "myMovies" */ = {
			isa = XCConfigurationList;
			buildConfigurations = (
				1F0A4F8421D54E2C00E99872 /* Debug */,
				1F0A4F8521D54E2C00E99872 /* Release */,
			);
			defaultConfigurationIsVisible = 0;
			defaultConfigurationName = Release;
		};
		1F0A4F8621D54E2C00E99872 /* Build configuration list for PBXNativeTarget "myMovies" */ = {
			isa = XCConfigurationList;
			buildConfigurations = (
				1F0A4F8721D54E2C00E99872 /* Debug */,
				1F0A4F8821D54E2C00E99872 /* Release */,
			);
			defaultConfigurationIsVisible = 0;
			defaultConfigurationName = Release;
		};
/* End XCConfigurationList section */
	};
	rootObject = 1F0A4F6A21D54E2B00E99872 /* Project object */;
}
